<?xml version="1.0" encoding="utf-8"?>
<Project ToolsVersion="4.0" xmlns="http://schemas.microsoft.com/developer/msbuild/2003">
  <ItemGroup>
    <Filter Include="Source Files">
      <UniqueIdentifier>{4FC737F1-C7A5-4376-A066-2A32D752A2FF}</UniqueIdentifier>
      <Extensions>cpp;c;cc;cxx;c++;cppm;ixx;def;odl;idl;hpj;bat;asm;asmx;h;hh;hpp;hxx;h++;hm;inl;inc;ipp;xsd</Extensions>
    </Filter>
    <Filter Include="Resource Files">
      <UniqueIdentifier>{67DA6AB6-F800-4c08-8B7A-83BB121AAD01}</UniqueIdentifier>
      <Extensions>rc;ico;cur;bmp;dlg;rc2;rct;bin;rgs;gif;jpg;jpeg;jpe;resx;tiff;tif;png;wav;mfcribbon-ms</Extensions>
    </Filter>
  </ItemGroup>
  <ItemGroup>
    <ClCompile Include="DataTypes.cpp">
      <Filter>Source Files</Filter>
    </ClCompile>
    <ClCompile Include="pds.cpp">
      <Filter>Source Files</Filter>
    </ClCompile>
    <ClCompile Include="SHA256.cpp">
      <Filter>Source Files</Filter>
    </ClCompile>
    <ClCompile Include="Varying.cpp">
      <Filter>Source Files</Filter>
    </ClCompile>
    <ClCompile Include="DynamicTypes.cpp">
      <Filter>Source Files</Filter>
    </ClCompile>
    <ClCompile Include="EntityReader.cpp">
      <Filter>Source Files</Filter>
    </ClCompile>
    <ClCompile Include="EntityWriter.cpp">
      <Filter>Source Files</Filter>
    </ClCompile>
    <ClCompile Include="ValueTypes.cpp">
      <Filter>Source Files</Filter>
    </ClCompile>
  </ItemGroup>
  <ItemGroup>
    <ClInclude Include="..\Include\pds\DataTypes.h">
      <Filter>Source Files</Filter>
    </ClInclude>
    <ClInclude Include="..\Include\pds\DataValuePointers.h">
      <Filter>Source Files</Filter>
    </ClInclude>
    <ClInclude Include="..\Include\pds\pds.h">
      <Filter>Source Files</Filter>
    </ClInclude>
    <ClInclude Include="..\Include\pds\Log.h">
      <Filter>Source Files</Filter>
    </ClInclude>
    <ClInclude Include="..\Include\pds\EntityReader.h">
      <Filter>Source Files</Filter>
    </ClInclude>
    <ClInclude Include="..\Include\pds\EntityWriter.h">
      <Filter>Source Files</Filter>
    </ClInclude>
    <ClInclude Include="..\Include\pds\ValueTypes.h">
      <Filter>Source Files</Filter>
    </ClInclude>
    <ClInclude Include="..\Include\pds\DynamicTypes.h">
      <Filter>Source Files</Filter>
    </ClInclude>
    <ClInclude Include="..\Include\pds\EntityValidator.h">
      <Filter>Source Files</Filter>
    </ClInclude>
    <ClInclude Include="..\Include\pds\MemoryReadStream.h">
      <Filter>Source Files</Filter>
    </ClInclude>
    <ClInclude Include="..\Include\pds\MemoryWriteStream.h">
      <Filter>Source Files</Filter>
    </ClInclude>
    <ClInclude Include="..\Include\pds\BidirectionalMap.h">
      <Filter>Source Files</Filter>
    </ClInclude>
    <ClInclude Include="..\Include\pds\DirectedGraph.h">
      <Filter>Source Files</Filter>
    </ClInclude>
    <ClInclude Include="..\Include\pds\IndexedVector.h">
      <Filter>Source Files</Filter>
    </ClInclude>
    <ClInclude Include="..\Include\pds\ItemTable.h">
      <Filter>Source Files</Filter>
    </ClInclude>
  </ItemGroup>
  <ItemGroup>
    <None Include="EntityWriterTemplates.inl">
      <Filter>Source Files</Filter>
    </None>
    <None Include="EntityReaderTemplates.inl">
      <Filter>Source Files</Filter>
    </None>
  </ItemGroup>
</Project>